
Microsoft Visual Studio Solution File, Format Version 15.00
# Visual Studio 2017
Project("{FAE04EC0-301F-11D3-BF4B-00C04F79EFBC}") = "Meteo", "Meteo.csproj", "{BF66486B-70C8-41E6-8880-28480EFE0682}"
EndProject
Global
	GlobalSection(SolutionConfigurationPlatforms) = preSolution
		Debug|Any CPU = Debug|Any CPU
		Release|Any CPU = Release|Any CPU
	EndGlobalSection
	GlobalSection(ProjectConfigurationPlatforms) = postSolution
		{BF66486B-70C8-41E6-8880-28480EFE0682}.Debug|Any CPU.ActiveCfg = Debug|Any CPU
		{BF66486B-70C8-41E6-8880-28480EFE0682}.Debug|Any CPU.Build.0 = Debug|Any CPU
		{BF66486B-70C8-41E6-8880-28480EFE0682}.Release|Any CPU.ActiveCfg = Release|Any CPU
		{BF66486B-70C8-41E6-8880-28480EFE0682}.Release|Any CPU.Build.0 = Release|Any CPU
	EndGlobalSection
EndGlobal
