Microsoft Visual Studio Solution File, Format Version 12.00
# Visual Studio 15
VisualStudioVersion = 15.0.27130.2010
MinimumVisualStudioVersion = 10.0.40219.1
Project("{9A19103F-16F7-4668-BE54-9A1E7A4F7556}") = "Meteo.Services", "Meteo.Services\Meteo.Services.csproj", "{8D0313EC-CE77-42F4-B37C-1FDE4473A3E8}"
EndProject
Project("{9A19103F-16F7-4668-BE54-9A1E7A4F7556}") = "Meteo.UI", "Meteo.UI\Meteo.UI.csproj", "{CBE7EC56-A0CF-40B1-AD46-7FE29A5E2E9A}"
EndProject
Project("{9A19103F-16F7-4668-BE54-9A1E7A4F7556}") = "Meteo.ExcelManager", "Meteo.ExcelManager\Meteo.ExcelManager.csproj", "{C64A10E2-A251-4961-BA12-B7542D04058E}"
EndProject
Global
	GlobalSection(SolutionConfigurationPlatforms) = preSolution
		Debug|Any CPU = Debug|Any CPU
		Debug|x64 = Debug|x64
		Debug|x86 = Debug|x86
		Release|Any CPU = Release|Any CPU
		Release|x64 = Release|x64
		Release|x86 = Release|x86
	EndGlobalSection
	GlobalSection(ProjectConfigurationPlatforms) = postSolution
		{8D0313EC-CE77-42F4-B37C-1FDE4473A3E8}.Debug|Any CPU.ActiveCfg = Debug|Any CPU
		{8D0313EC-CE77-42F4-B37C-1FDE4473A3E8}.Debug|Any CPU.Build.0 = Debug|Any CPU
		{8D0313EC-CE77-42F4-B37C-1FDE4473A3E8}.Debug|x64.ActiveCfg = Debug|Any CPU
		{8D0313EC-CE77-42F4-B37C-1FDE4473A3E8}.Debug|x64.Build.0 = Debug|Any CPU
		{8D0313EC-CE77-42F4-B37C-1FDE4473A3E8}.Debug|x86.ActiveCfg = Debug|Any CPU
		{8D0313EC-CE77-42F4-B37C-1FDE4473A3E8}.Debug|x86.Build.0 = Debug|Any CPU
		{8D0313EC-CE77-42F4-B37C-1FDE4473A3E8}.Release|Any CPU.ActiveCfg = Release|Any CPU
		{8D0313EC-CE77-42F4-B37C-1FDE4473A3E8}.Release|Any CPU.Build.0 = Release|Any CPU
		{8D0313EC-CE77-42F4-B37C-1FDE4473A3E8}.Release|x64.ActiveCfg = Release|Any CPU
		{8D0313EC-CE77-42F4-B37C-1FDE4473A3E8}.Release|x64.Build.0 = Release|Any CPU
		{8D0313EC-CE77-42F4-B37C-1FDE4473A3E8}.Release|x86.ActiveCfg = Release|Any CPU
		{8D0313EC-CE77-42F4-B37C-1FDE4473A3E8}.Release|x86.Build.0 = Release|Any CPU
		{CBE7EC56-A0CF-40B1-AD46-7FE29A5E2E9A}.Debug|Any CPU.ActiveCfg = Debug|Any CPU
		{CBE7EC56-A0CF-40B1-AD46-7FE29A5E2E9A}.Debug|Any CPU.Build.0 = Debug|Any CPU
		{CBE7EC56-A0CF-40B1-AD46-7FE29A5E2E9A}.Debug|x64.ActiveCfg = Debug|Any CPU
		{CBE7EC56-A0CF-40B1-AD46-7FE29A5E2E9A}.Debug|x64.Build.0 = Debug|Any CPU
		{CBE7EC56-A0CF-40B1-AD46-7FE29A5E2E9A}.Debug|x86.ActiveCfg = Debug|Any CPU
		{CBE7EC56-A0CF-40B1-AD46-7FE29A5E2E9A}.Debug|x86.Build.0 = Debug|Any CPU
		{CBE7EC56-A0CF-40B1-AD46-7FE29A5E2E9A}.Release|Any CPU.ActiveCfg = Release|Any CPU
		{CBE7EC56-A0CF-40B1-AD46-7FE29A5E2E9A}.Release|Any CPU.Build.0 = Release|Any CPU
		{CBE7EC56-A0CF-40B1-AD46-7FE29A5E2E9A}.Release|x64.ActiveCfg = Release|Any CPU
		{CBE7EC56-A0CF-40B1-AD46-7FE29A5E2E9A}.Release|x64.Build.0 = Release|Any CPU
		{CBE7EC56-A0CF-40B1-AD46-7FE29A5E2E9A}.Release|x86.ActiveCfg = Release|Any CPU
		{CBE7EC56-A0CF-40B1-AD46-7FE29A5E2E9A}.Release|x86.Build.0 = Release|Any CPU
		{C64A10E2-A251-4961-BA12-B7542D04058E}.Debug|Any CPU.ActiveCfg = Debug|Any CPU
		{C64A10E2-A251-4961-BA12-B7542D04058E}.Debug|Any CPU.Build.0 = Debug|Any CPU
		{C64A10E2-A251-4961-BA12-B7542D04058E}.Debug|x64.ActiveCfg = Debug|Any CPU
		{C64A10E2-A251-4961-BA12-B7542D04058E}.Debug|x64.Build.0 = Debug|Any CPU
		{C64A10E2-A251-4961-BA12-B7542D04058E}.Debug|x86.ActiveCfg = Debug|Any CPU
		{C64A10E2-A251-4961-BA12-B7542D04058E}.Debug|x86.Build.0 = Debug|Any CPU
		{C64A10E2-A251-4961-BA12-B7542D04058E}.Release|Any CPU.ActiveCfg = Release|Any CPU
		{C64A10E2-A251-4961-BA12-B7542D04058E}.Release|Any CPU.Build.0 = Release|Any CPU
		{C64A10E2-A251-4961-BA12-B7542D04058E}.Release|x64.ActiveCfg = Release|Any CPU
		{C64A10E2-A251-4961-BA12-B7542D04058E}.Release|x64.Build.0 = Release|Any CPU
		{C64A10E2-A251-4961-BA12-B7542D04058E}.Release|x86.ActiveCfg = Release|Any CPU
		{C64A10E2-A251-4961-BA12-B7542D04058E}.Release|x86.Build.0 = Release|Any CPU
	EndGlobalSection
	GlobalSection(SolutionProperties) = preSolution
		HideSolutionNode = FALSE
	EndGlobalSection
	GlobalSection(ExtensibilityGlobals) = postSolution
		SolutionGuid = {86E890C2-4485-49F6-90BB-BA8BD8DDCDD8}
	EndGlobalSection
EndGlobal
